<?xml version="1.0" encoding="utf-8"?>
<Project ToolsVersion="4.0" xmlns="http://schemas.microsoft.com/developer/msbuild/2003">
  <ItemGroup>
    <Filter Include="源文件">
      <UniqueIdentifier>{4FC737F1-C7A5-4376-A066-2A32D752A2FF}</UniqueIdentifier>
      <Extensions>cpp;c;cc;cxx;def;odl;idl;hpj;bat;asm;asmx</Extensions>
    </Filter>
    <Filter Include="头文件">
      <UniqueIdentifier>{93995380-89BD-4b04-88EB-625FBE52EBFB}</UniqueIdentifier>
      <Extensions>h;hh;hpp;hxx;hm;inl;inc;xsd</Extensions>
    </Filter>
    <Filter Include="资源文件">
      <UniqueIdentifier>{67DA6AB6-F800-4c08-8B7A-83BB121AAD01}</UniqueIdentifier>
      <Extensions>rc;ico;cur;bmp;dlg;rc2;rct;bin;rgs;gif;jpg;jpeg;jpe;resx;tiff;tif;png;wav;mfcribbon-ms</Extensions>
    </Filter>
  </ItemGroup>
  <ItemGroup>
    <Text Include="ReadMe.txt" />
  </ItemGroup>
  <ItemGroup>
    <ClInclude Include="stdafx.h">
      <Filter>头文件</Filter>
    </ClInclude>
    <ClInclude Include="targetver.h">
      <Filter>头文件</Filter>
    </ClInclude>
    <ClInclude Include="CodedData.h">
      <Filter>头文件</Filter>
    </ClInclude>
    <ClInclude Include="CodeItem.h">
      <Filter>头文件</Filter>
    </ClInclude>
    <ClInclude Include="CodeTable.h">
      <Filter>头文件</Filter>
    </ClInclude>
    <ClInclude Include="DataCoder.h">
      <Filter>头文件</Filter>
    </ClInclude>
    <ClInclude Include="DataIO.h">
      <Filter>头文件</Filter>
    </ClInclude>
    <ClInclude Include="FileIO.h">
      <Filter>头文件</Filter>
    </ClInclude>
    <ClInclude Include="HuffmanCoder.h">
      <Filter>头文件</Filter>
    </ClInclude>
    <ClInclude Include="HuffmanItem.h">
      <Filter>头文件</Filter>
    </ClInclude>
    <ClInclude Include="StandardIO.h">
      <Filter>头文件</Filter>
    </ClInclude>
    <ClInclude Include="HuffmanTable.h">
      <Filter>头文件</Filter>
    </ClInclude>
    <ClInclude Include="CoderFactory.h">
      <Filter>头文件</Filter>
    </ClInclude>
  </ItemGroup>
  <ItemGroup>
    <ClCompile Include="stdafx.cpp">
      <Filter>源文件</Filter>
    </ClCompile>
    <ClCompile Include="MyCoder.cpp">
      <Filter>源文件</Filter>
    </ClCompile>
    <ClCompile Include="CodedData.cpp">
      <Filter>源文件</Filter>
    </ClCompile>
    <ClCompile Include="CodeItem.cpp">
      <Filter>源文件</Filter>
    </ClCompile>
    <ClCompile Include="CodeTable.cpp">
      <Filter>源文件</Filter>
    </ClCompile>
    <ClCompile Include="DataCoder.cpp">
      <Filter>源文件</Filter>
    </ClCompile>
    <ClCompile Include="DataIO.cpp">
      <Filter>源文件</Filter>
    </ClCompile>
    <ClCompile Include="FileIO.cpp">
      <Filter>源文件</Filter>
    </ClCompile>
    <ClCompile Include="HuffmanCoder.cpp">
      <Filter>源文件</Filter>
    </ClCompile>
    <ClCompile Include="HuffmanItem.cpp">
      <Filter>源文件</Filter>
    </ClCompile>
    <ClCompile Include="StandardIO.cpp">
      <Filter>源文件</Filter>
    </ClCompile>
    <ClCompile Include="HuffmanTable.cpp">
      <Filter>源文件</Filter>
    </ClCompile>
    <ClCompile Include="CoderFactory.cpp">
      <Filter>源文件</Filter>
    </ClCompile>
  </ItemGroup>
</Project>